version = 1
revision = 3
requires-python = ">=3.11"

[[package]]
name = "narwhals"
version = "2.17.0"
source = { registry = "https://pypi.org/simple" }
sdist = { url = "https://files.pythonhosted.org/packages/75/59/81d0f4cad21484083466f278e6b392addd9f4205b48d45b5c8771670ebf8/narwhals-2.17.0.tar.gz", hash = "sha256:ebd5bc95bcfa2f8e89a8ac09e2765a63055162837208e67b42d6eeb6651d5e67", size = 620306, upload-time = "2026-02-23T09:44:34.142Z" }
wheels = [
    { url = "https://files.pythonhosted.org/packages/4b/27/20770bd6bf8fbe1e16f848ba21da9df061f38d2e6483952c29d2bb5d1d8b/narwhals-2.17.0-py3-none-any.whl", hash = "sha256:2ac5307b7c2b275a7d66eeda906b8605e3d7a760951e188dcfff86e8ebe083dd", size = 444897, upload-time = "2026-02-23T09:44:32.006Z" },
]

[[package]]
name = "packaging"
version = "26.0"
source = { registry = "https://pypi.org/simple" }
sdist = { url = "https://files.pythonhosted.org/packages/65/ee/299d360cdc32edc7d2cf530f3accf79c4fca01e96ffc950d8a52213bd8e4/packaging-26.0.tar.gz", hash = "sha256:00243ae351a257117b6a241061796684b084ed1c516a08c48a3f7e147a9d80b4", size = 143416, upload-time = "2026-01-21T20:50:39.064Z" }
wheels = [
    { url = "https://files.pythonhosted.org/packages/b7/b9/c538f279a4e237a006a2c98387d081e9eb060d203d8ed34467cc0f0b9b53/packaging-26.0-py3-none-any.whl", hash = "sha256:b36f1fef9334a5588b4166f8bcd26a14e521f2b55e6b9de3aaa80d3ff7a37529", size = 74366, upload-time = "2026-01-21T20:50:37.788Z" },
]

[[package]]
name = "plotly"
version = "6.5.2"
source = { registry = "https://pypi.org/simple" }
dependencies = [
    { name = "narwhals" },
    { name = "packaging" },
]
sdist = { url = "https://files.pythonhosted.org/packages/e3/4f/8a10a9b9f5192cb6fdef62f1d77fa7d834190b2c50c0cd256bd62879212b/plotly-6.5.2.tar.gz", hash = "sha256:7478555be0198562d1435dee4c308268187553cc15516a2f4dd034453699e393", size = 7015695, upload-time = "2026-01-14T21:26:51.222Z" }
wheels = [
    { url = "https://files.pythonhosted.org/packages/8a/67/f95b5460f127840310d2187f916cf0023b5875c0717fdf893f71e1325e87/plotly-6.5.2-py3-none-any.whl", hash = "sha256:91757653bd9c550eeea2fa2404dba6b85d1e366d54804c340b2c874e5a7eb4a4", size = 9895973, upload-time = "2026-01-14T21:26:47.135Z" },
]

[[package]]
name = "shelf"
version = "0.1.0"
source = { virtual = "." }
dependencies = [
    { name = "plotly" },
]

[package.metadata]
requires-dist = [{ name = "plotly", specifier = ">=6.5.2" }]
